// !$*UTF8*$!
{
	archiveVersion = 1;
	classes = {
	};
	objectVersion = 46;
	objects = {

/* Begin PBXBuildFile section */
		8D86FEEE16E96D4800534BDD /* MainStoryboard.storyboard in Resources */ = {isa = PBXBuildFile; fileRef = 8D86FEED16E96D4800534BDD /* MainStoryboard.storyboard */; };
		8DF4A805168B7C610025E16D /* UIKit.framework in Frameworks */ = {isa = PBXBuildFile; fileRef = 8DF4A804168B7C610025E16D /* UIKit.framework */; };
		8DF4A807168B7C610025E16D /* Foundation.framework in Frameworks */ = {isa = PBXBuildFile; fileRef = 8DF4A806168B7C610025E16D /* Foundation.framework */; };
		8DF4A809168B7C610025E16D /* CoreGraphics.framework in Frameworks */ = {isa = PBXBuildFile; fileRef = 8DF4A808168B7C610025E16D /* CoreGraphics.framework */; };
		8DF4A80F168B7C610025E16D /* InfoPlist.strings in Resources */ = {isa = PBXBuildFile; fileRef = 8DF4A80D168B7C610025E16D /* InfoPlist.strings */; };
		8DF4A811168B7C610025E16D /* main.m in Sources */ = {isa = PBXBuildFile; fileRef = 8DF4A810168B7C610025E16D /* main.m */; };
		8DF4A815168B7C610025E16D /* HTAppDelegate.m in Sources */ = {isa = PBXBuildFile; fileRef = 8DF4A814168B7C610025E16D /* HTAppDelegate.m */; };
		8DF4A817168B7C610025E16D /* Default.png in Resources */ = {isa = PBXBuildFile; fileRef = 8DF4A816168B7C610025E16D /* Default.png */; };
		8DF4A819168B7C610025E16D /* Default@2x.png in Resources */ = {isa = PBXBuildFile; fileRef = 8DF4A818168B7C610025E16D /* Default@2x.png */; };
		8DF4A81B168B7C610025E16D /* Default-568h@2x.png in Resources */ = {isa = PBXBuildFile; fileRef = 8DF4A81A168B7C610025E16D /* Default-568h@2x.png */; };
		8DF4A81E168B7C610025E16D /* HTSampleFieldsTableViewController.m in Sources */ = {isa = PBXBuildFile; fileRef = 8DF4A81D168B7C610025E16D /* HTSampleFieldsTableViewController.m */; };
		8DF4A84B168B80CD0025E16D /* HTAutocompleteManager.m in Sources */ = {isa = PBXBuildFile; fileRef = 8DF4A84A168B80CD0025E16D /* HTAutocompleteManager.m */; };
		8DFB04B217FD01AB00E7B196 /* ht-logo-black.png in Resources */ = {isa = PBXBuildFile; fileRef = 8DFB04B117FD01AB00E7B196 /* ht-logo-black.png */; };
		8DFB04B717FD01F500E7B196 /* HTEmailAutocompleteTextField.m in Sources */ = {isa = PBXBuildFile; fileRef = 8DFB04B317FD01F500E7B196 /* HTEmailAutocompleteTextField.m */; };
		8DFB04B817FD01F500E7B196 /* HTAutocompleteTextField.m in Sources */ = {isa = PBXBuildFile; fileRef = 8DFB04B517FD01F500E7B196 /* HTAutocompleteTextField.m */; };
		C80AC03D16DF7B4100755F19 /* autocompleteButton@2x.png in Resources */ = {isa = PBXBuildFile; fileRef = C80AC03B16DF7B4100755F19 /* autocompleteButton@2x.png */; };
		C80AC03E16DF7B4100755F19 /* autocompleteButton.png in Resources */ = {isa = PBXBuildFile; fileRef = C80AC03C16DF7B4100755F19 /* autocompleteButton.png */; };
/* End PBXBuildFile section */

/* Begin PBXFileReference section */
		541886FBCF924E768C27BA1C /* libPods.a */ = {isa = PBXFileReference; explicitFileType = archive.ar; includeInIndex = 0; path = libPods.a; sourceTree = BUILT_PRODUCTS_DIR; };
		8D86FEED16E96D4800534BDD /* MainStoryboard.storyboard */ = {isa = PBXFileReference; fileEncoding = 4; lastKnownFileType = file.storyboard; path = MainStoryboard.storyboard; sourceTree = "<group>"; };
		8DF4A800168B7C610025E16D /* HTTextFieldAutocompletionExample.app */ = {isa = PBXFileReference; explicitFileType = wrapper.application; includeInIndex = 0; path = HTTextFieldAutocompletionExample.app; sourceTree = BUILT_PRODUCTS_DIR; };
		8DF4A804168B7C610025E16D /* UIKit.framework */ = {isa = PBXFileReference; lastKnownFileType = wrapper.framework; name = UIKit.framework; path = System/Library/Frameworks/UIKit.framework; sourceTree = SDKROOT; };
		8DF4A806168B7C610025E16D /* Foundation.framework */ = {isa = PBXFileReference; lastKnownFileType = wrapper.framework; name = Foundation.framework; path = System/Library/Frameworks/Foundation.framework; sourceTree = SDKROOT; };
		8DF4A808168B7C610025E16D /* CoreGraphics.framework */ = {isa = PBXFileReference; lastKnownFileType = wrapper.framework; name = CoreGraphics.framework; path = System/Library/Frameworks/CoreGraphics.framework; sourceTree = SDKROOT; };
		8DF4A80C168B7C610025E16D /* HTTextFieldAutocompletionExample-Info.plist */ = {isa = PBXFileReference; lastKnownFileType = text.plist.xml; path = "HTTextFieldAutocompletionExample-Info.plist"; sourceTree = "<group>"; };
		8DF4A80E168B7C610025E16D /* en */ = {isa = PBXFileReference; lastKnownFileType = text.plist.strings; name = en; path = en.lproj/InfoPlist.strings; sourceTree = "<group>"; };
		8DF4A810168B7C610025E16D /* main.m */ = {isa = PBXFileReference; lastKnownFileType = sourcecode.c.objc; path = main.m; sourceTree = "<group>"; };
		8DF4A812168B7C610025E16D /* HTTextFieldAutocompletionExample-Prefix.pch */ = {isa = PBXFileReference; lastKnownFileType = sourcecode.c.h; path = "HTTextFieldAutocompletionExample-Prefix.pch"; sourceTree = "<group>"; };
		8DF4A813168B7C610025E16D /* HTAppDelegate.h */ = {isa = PBXFileReference; lastKnownFileType = sourcecode.c.h; path = HTAppDelegate.h; sourceTree = "<group>"; };
		8DF4A814168B7C610025E16D /* HTAppDelegate.m */ = {isa = PBXFileReference; lastKnownFileType = sourcecode.c.objc; path = HTAppDelegate.m; sourceTree = "<group>"; };
		8DF4A816168B7C610025E16D /* Default.png */ = {isa = PBXFileReference; lastKnownFileType = image.png; path = Default.png; sourceTree = "<group>"; };
		8DF4A818168B7C610025E16D /* Default@2x.png */ = {isa = PBXFileReference; lastKnownFileType = image.png; path = "Default@2x.png"; sourceTree = "<group>"; };
		8DF4A81A168B7C610025E16D /* Default-568h@2x.png */ = {isa = PBXFileReference; lastKnownFileType = image.png; path = "Default-568h@2x.png"; sourceTree = "<group>"; };
		8DF4A81C168B7C610025E16D /* HTSampleFieldsTableViewController.h */ = {isa = PBXFileReference; lastKnownFileType = sourcecode.c.h; path = HTSampleFieldsTableViewController.h; sourceTree = "<group>"; };
		8DF4A81D168B7C610025E16D /* HTSampleFieldsTableViewController.m */ = {isa = PBXFileReference; lastKnownFileType = sourcecode.c.objc; path = HTSampleFieldsTableViewController.m; sourceTree = "<group>"; };
		8DF4A849168B80CD0025E16D /* HTAutocompleteManager.h */ = {isa = PBXFileReference; fileEncoding = 4; lastKnownFileType = sourcecode.c.h; path = HTAutocompleteManager.h; sourceTree = "<group>"; };
		8DF4A84A168B80CD0025E16D /* HTAutocompleteManager.m */ = {isa = PBXFileReference; fileEncoding = 4; lastKnownFileType = sourcecode.c.objc; path = HTAutocompleteManager.m; sourceTree = "<group>"; };
		8DFB04B117FD01AB00E7B196 /* ht-logo-black.png */ = {isa = PBXFileReference; lastKnownFileType = image.png; path = "ht-logo-black.png"; sourceTree = "<group>"; };
		8DFB04B317FD01F500E7B196 /* HTEmailAutocompleteTextField.m */ = {isa = PBXFileReference; fileEncoding = 4; lastKnownFileType = sourcecode.c.objc; path = HTEmailAutocompleteTextField.m; sourceTree = "<group>"; };
		8DFB04B417FD01F500E7B196 /* HTEmailAutocompleteTextField.h */ = {isa = PBXFileReference; fileEncoding = 4; lastKnownFileType = sourcecode.c.h; path = HTEmailAutocompleteTextField.h; sourceTree = "<group>"; };
		8DFB04B517FD01F500E7B196 /* HTAutocompleteTextField.m */ = {isa = PBXFileReference; fileEncoding = 4; lastKnownFileType = sourcecode.c.objc; path = HTAutocompleteTextField.m; sourceTree = "<group>"; };
		8DFB04B617FD01F500E7B196 /* HTAutocompleteTextField.h */ = {isa = PBXFileReference; fileEncoding = 4; lastKnownFileType = sourcecode.c.h; path = HTAutocompleteTextField.h; sourceTree = "<group>"; };
		C80AC03B16DF7B4100755F19 /* autocompleteButton@2x.png */ = {isa = PBXFileReference; lastKnownFileType = image.png; path = "autocompleteButton@2x.png"; sourceTree = "<group>"; };
		C80AC03C16DF7B4100755F19 /* autocompleteButton.png */ = {isa = PBXFileReference; lastKnownFileType = image.png; path = autocompleteButton.png; sourceTree = "<group>"; };
/* End PBXFileReference section */

/* Begin PBXFrameworksBuildPhase section */
		8DF4A7FD168B7C610025E16D /* Frameworks */ = {
			isa = PBXFrameworksBuildPhase;
			buildActionMask = 2147483647;
			files = (
				8DF4A805168B7C610025E16D /* UIKit.framework in Frameworks */,
				8DF4A807168B7C610025E16D /* Foundation.framework in Frameworks */,
				8DF4A809168B7C610025E16D /* CoreGraphics.framework in Frameworks */,
			);
			runOnlyForDeploymentPostprocessing = 0;
		};
/* End PBXFrameworksBuildPhase section */

/* Begin PBXGroup section */
		8DF4A7F5168B7C610025E16D = {
			isa = PBXGroup;
			children = (
				8DF4A83A168B7CFC0025E16D /* Core */,
				8DF4A80A168B7C610025E16D /* HTTextFieldAutocompletionExample */,
				8DF4A803168B7C610025E16D /* Frameworks */,
				8DF4A801168B7C610025E16D /* Products */,
			);
			sourceTree = "<group>";
		};
		8DF4A801168B7C610025E16D /* Products */ = {
			isa = PBXGroup;
			children = (
				8DF4A800168B7C610025E16D /* HTTextFieldAutocompletionExample.app */,
			);
			name = Products;
			sourceTree = "<group>";
		};
		8DF4A803168B7C610025E16D /* Frameworks */ = {
			isa = PBXGroup;
			children = (
				8DF4A804168B7C610025E16D /* UIKit.framework */,
				8DF4A806168B7C610025E16D /* Foundation.framework */,
				8DF4A808168B7C610025E16D /* CoreGraphics.framework */,
				541886FBCF924E768C27BA1C /* libPods.a */,
			);
			name = Frameworks;
			sourceTree = "<group>";
		};
		8DF4A80A168B7C610025E16D /* HTTextFieldAutocompletionExample */ = {
			isa = PBXGroup;
			children = (
				8DFB04B117FD01AB00E7B196 /* ht-logo-black.png */,
				C80AC03F16DF7B5D00755F19 /* images */,
				8DF4A849168B80CD0025E16D /* HTAutocompleteManager.h */,
				8DF4A84A168B80CD0025E16D /* HTAutocompleteManager.m */,
				8DF4A813168B7C610025E16D /* HTAppDelegate.h */,
				8DF4A814168B7C610025E16D /* HTAppDelegate.m */,
				8DF4A849168B80CD0025E16D /* HTAutocompleteManager.h */,
				8DF4A84A168B80CD0025E16D /* HTAutocompleteManager.m */,
				8DF4A81C168B7C610025E16D /* HTSampleFieldsTableViewController.h */,
				8DF4A81D168B7C610025E16D /* HTSampleFieldsTableViewController.m */,
				8D86FEED16E96D4800534BDD /* MainStoryboard.storyboard */,
				8DF4A80B168B7C610025E16D /* Supporting Files */,
			);
			path = HTTextFieldAutocompletionExample;
			sourceTree = "<group>";
		};
		8DF4A80B168B7C610025E16D /* Supporting Files */ = {
			isa = PBXGroup;
			children = (
				8DF4A80C168B7C610025E16D /* HTTextFieldAutocompletionExample-Info.plist */,
				8DF4A80D168B7C610025E16D /* InfoPlist.strings */,
				8DF4A810168B7C610025E16D /* main.m */,
				8DF4A812168B7C610025E16D /* HTTextFieldAutocompletionExample-Prefix.pch */,
				8DF4A816168B7C610025E16D /* Default.png */,
				8DF4A818168B7C610025E16D /* Default@2x.png */,
				8DF4A81A168B7C610025E16D /* Default-568h@2x.png */,
			);
			name = "Supporting Files";
			sourceTree = "<group>";
		};
		8DF4A83A168B7CFC0025E16D /* Core */ = {
			isa = PBXGroup;
			children = (
				8DFB04B317FD01F500E7B196 /* HTEmailAutocompleteTextField.m */,
				8DFB04B417FD01F500E7B196 /* HTEmailAutocompleteTextField.h */,
				8DFB04B517FD01F500E7B196 /* HTAutocompleteTextField.m */,
				8DFB04B617FD01F500E7B196 /* HTAutocompleteTextField.h */,
			);
			name = Core;
			path = HTTextFieldAutocompletionExample;
			sourceTree = "<group>";
		};
		C80AC03F16DF7B5D00755F19 /* images */ = {
			isa = PBXGroup;
			children = (
				C80AC03B16DF7B4100755F19 /* autocompleteButton@2x.png */,
				C80AC03C16DF7B4100755F19 /* autocompleteButton.png */,
			);
			name = images;
			sourceTree = "<group>";
		};
/* End PBXGroup section */

/* Begin PBXNativeTarget section */
		8DF4A7FF168B7C610025E16D /* HTTextFieldAutocompletionExample */ = {
			isa = PBXNativeTarget;
			buildConfigurationList = 8DF4A827168B7C610025E16D /* Build configuration list for PBXNativeTarget "HTTextFieldAutocompletionExample" */;
			buildPhases = (
				8DF4A7FC168B7C610025E16D /* Sources */,
				8DF4A7FD168B7C610025E16D /* Frameworks */,
				8DF4A7FE168B7C610025E16D /* Resources */,
			);
			buildRules = (
			);
			dependencies = (
			);
			name = HTTextFieldAutocompletionExample;
			productName = HTTextFieldAutocompletionExample;
			productReference = 8DF4A800168B7C610025E16D /* HTTextFieldAutocompletionExample.app */;
			productType = "com.apple.product-type.application";
		};
/* End PBXNativeTarget section */

/* Begin PBXProject section */
		8DF4A7F7168B7C610025E16D /* Project object */ = {
			isa = PBXProject;
			attributes = {
				CLASSPREFIX = HT;
				LastUpgradeCheck = 0450;
				ORGANIZATIONNAME = "Hotel Tonight";
			};
			buildConfigurationList = 8DF4A7FA168B7C610025E16D /* Build configuration list for PBXProject "HTTextFieldAutocompletionExample" */;
			compatibilityVersion = "Xcode 3.2";
			developmentRegion = English;
			hasScannedForEncodings = 0;
			knownRegions = (
				en,
			);
			mainGroup = 8DF4A7F5168B7C610025E16D;
			productRefGroup = 8DF4A801168B7C610025E16D /* Products */;
			projectDirPath = "";
			projectRoot = "";
			targets = (
				8DF4A7FF168B7C610025E16D /* HTTextFieldAutocompletionExample */,
			);
		};
/* End PBXProject section */

/* Begin PBXResourcesBuildPhase section */
		8DF4A7FE168B7C610025E16D /* Resources */ = {
			isa = PBXResourcesBuildPhase;
			buildActionMask = 2147483647;
			files = (
				8DFB04B217FD01AB00E7B196 /* ht-logo-black.png in Resources */,
				8DF4A80F168B7C610025E16D /* InfoPlist.strings in Resources */,
				8DF4A817168B7C610025E16D /* Default.png in Resources */,
				8DF4A819168B7C610025E16D /* Default@2x.png in Resources */,
				8DF4A81B168B7C610025E16D /* Default-568h@2x.png in Resources */,
				C80AC03D16DF7B4100755F19 /* autocompleteButton@2x.png in Resources */,
				8D86FEEE16E96D4800534BDD /* MainStoryboard.storyboard in Resources */,
				C80AC03E16DF7B4100755F19 /* autocompleteButton.png in Resources */,
			);
			runOnlyForDeploymentPostprocessing = 0;
		};
/* End PBXResourcesBuildPhase section */

/* Begin PBXSourcesBuildPhase section */
		8DF4A7FC168B7C610025E16D /* Sources */ = {
			isa = PBXSourcesBuildPhase;
			buildActionMask = 2147483647;
			files = (
				8DF4A811168B7C610025E16D /* main.m in Sources */,
				8DFB04B817FD01F500E7B196 /* HTAutocompleteTextField.m in Sources */,
				8DF4A815168B7C610025E16D /* HTAppDelegate.m in Sources */,
				8DFB04B717FD01F500E7B196 /* HTEmailAutocompleteTextField.m in Sources */,
				8DF4A81E168B7C610025E16D /* HTSampleFieldsTableViewController.m in Sources */,
				8DF4A84B168B80CD0025E16D /* HTAutocompleteManager.m in Sources */,
			);
			runOnlyForDeploymentPostprocessing = 0;
		};
/* End PBXSourcesBuildPhase section */

/* Begin PBXVariantGroup section */
		8DF4A80D168B7C610025E16D /* InfoPlist.strings */ = {
			isa = PBXVariantGroup;
			children = (
				8DF4A80E168B7C610025E16D /* en */,
			);
			name = InfoPlist.strings;
			sourceTree = "<group>";
		};
/* End PBXVariantGroup section */

/* Begin XCBuildConfiguration section */
		8DF4A825168B7C610025E16D /* Debug */ = {
			isa = XCBuildConfiguration;
			buildSettings = {
				ALWAYS_SEARCH_USER_PATHS = NO;
				CLANG_CXX_LANGUAGE_STANDARD = "gnu++0x";
				CLANG_CXX_LIBRARY = "libc++";
				CLANG_ENABLE_OBJC_ARC = YES;
				CLANG_WARN_EMPTY_BODY = YES;
				CLANG_WARN__DUPLICATE_METHOD_MATCH = YES;
				COPY_PHASE_STRIP = NO;
				GCC_C_LANGUAGE_STANDARD = gnu99;
				GCC_DYNAMIC_NO_PIC = NO;
				GCC_OPTIMIZATION_LEVEL = 0;
				GCC_PREPROCESSOR_DEFINITIONS = (
					"DEBUG=1",
					"$(inherited)",
				);
				GCC_SYMBOLS_PRIVATE_EXTERN = NO;
				GCC_WARN_ABOUT_RETURN_TYPE = YES;
				GCC_WARN_UNINITIALIZED_AUTOS = YES;
				GCC_WARN_UNUSED_VARIABLE = YES;
				IPHONEOS_DEPLOYMENT_TARGET = 5.0;
				ONLY_ACTIVE_ARCH = YES;
				SDKROOT = iphoneos;
				TARGETED_DEVICE_FAMILY = "1,2";
			};
			name = Debug;
		};
		8DF4A826168B7C610025E16D /* Release */ = {
			isa = XCBuildConfiguration;
			buildSettings = {
				ALWAYS_SEARCH_USER_PATHS = NO;
				CLANG_CXX_LANGUAGE_STANDARD = "gnu++0x";
				CLANG_CXX_LIBRARY = "libc++";
				CLANG_ENABLE_OBJC_ARC = YES;
				CLANG_WARN_EMPTY_BODY = YES;
				CLANG_WARN__DUPLICATE_METHOD_MATCH = YES;
				COPY_PHASE_STRIP = YES;
				GCC_C_LANGUAGE_STANDARD = gnu99;
				GCC_WARN_ABOUT_RETURN_TYPE = YES;
				GCC_WARN_UNINITIALIZED_AUTOS = YES;
				GCC_WARN_UNUSED_VARIABLE = YES;
				IPHONEOS_DEPLOYMENT_TARGET = 5.0;
				OTHER_CFLAGS = "-DNS_BLOCK_ASSERTIONS=1";
				SDKROOT = iphoneos;
				TARGETED_DEVICE_FAMILY = "1,2";
				VALIDATE_PRODUCT = YES;
			};
			name = Release;
		};
		8DF4A828168B7C610025E16D /* Debug */ = {
			isa = XCBuildConfiguration;
			buildSettings = {
				GCC_PRECOMPILE_PREFIX_HEADER = YES;
				GCC_PREFIX_HEADER = "HTTextFieldAutocompletionExample/HTTextFieldAutocompletionExample-Prefix.pch";
				INFOPLIST_FILE = "HTTextFieldAutocompletionExample/HTTextFieldAutocompletionExample-Info.plist";
				IPHONEOS_DEPLOYMENT_TARGET = 5.0;
				PRODUCT_NAME = "$(TARGET_NAME)";
				TARGETED_DEVICE_FAMILY = 1;
				WRAPPER_EXTENSION = app;
			};
			name = Debug;
		};
		8DF4A829168B7C610025E16D /* Release */ = {
			isa = XCBuildConfiguration;
			buildSettings = {
				GCC_PRECOMPILE_PREFIX_HEADER = YES;
				GCC_PREFIX_HEADER = "HTTextFieldAutocompletionExample/HTTextFieldAutocompletionExample-Prefix.pch";
				INFOPLIST_FILE = "HTTextFieldAutocompletionExample/HTTextFieldAutocompletionExample-Info.plist";
				IPHONEOS_DEPLOYMENT_TARGET = 5.0;
				PRODUCT_NAME = "$(TARGET_NAME)";
				TARGETED_DEVICE_FAMILY = 1;
				WRAPPER_EXTENSION = app;
			};
			name = Release;
		};
/* End XCBuildConfiguration section */

/* Begin XCConfigurationList section */
		8DF4A7FA168B7C610025E16D /* Build configuration list for PBXProject "HTTextFieldAutocompletionExample" */ = {
			isa = XCConfigurationList;
			buildConfigurations = (
				8DF4A825168B7C610025E16D /* Debug */,
				8DF4A826168B7C610025E16D /* Release */,
			);
			defaultConfigurationIsVisible = 0;
			defaultConfigurationName = Release;
		};
		8DF4A827168B7C610025E16D /* Build configuration list for PBXNativeTarget "HTTextFieldAutocompletionExample" */ = {
			isa = XCConfigurationList;
			buildConfigurations = (
				8DF4A828168B7C610025E16D /* Debug */,
				8DF4A829168B7C610025E16D /* Release */,
			);
			defaultConfigurationIsVisible = 0;
			defaultConfigurationName = Release;
		};
/* End XCConfigurationList section */
	};
	rootObject = 8DF4A7F7168B7C610025E16D /* Project object */;
}
